{
  "nodes": {
    "devenv": {
      "locked": {
        "dir": "src/modules",
        "lastModified": 1788819331,
        "narHash": "sha256-PXClmncMTmWutJvFGrA6rKyvxWtUwaMUT615XrDHdB8=",
        "owner": "cachix",
        "repo": "devenv",
        "rev": "190959a9a4bb52d4802f076a90c3c4e3aa2e6fa2",
        "type": "github"
      },
      "original": {
        "dir": "src/modules",
        "owner": "cachix",
        "repo": "devenv",
        "type": "github"
      }
    },
    "nixpkgs": {
      "locked": {
        "lastModified": 1788865024,
        "narHash": "sha256-3YkAzvtt4LoE11IcBDzPshIF3fJ0aIoILqE7dAg8CLI=",
        "owner": "NixOS",
        "repo": "nixpkgs",
        "rev": "422d1ae605d7fcd9896412b37dc065c456c0eefb",
        "type": "github"
      },
      "original": {
        "owner": "NixOS",
        "ref": "nixpkgs-unstable",
        "repo": "nixpkgs",
        "type": "github"
      }
    },
    "root": {
      "inputs": {
        "devenv": "devenv",
        "nixpkgs": "nixpkgs"
      }
    }
  },
  "root": "root",
  "version": 7
}